
Microsoft Visual Studio Solution File, Format Version 12.00
# Visual Studio Version 16
VisualStudioVersion = 16.0.31205.134
MinimumVisualStudioVersion = 10.0.40219.1
Project("{FAE04EC0-301F-11D3-BF4B-00C04F79EFBC}") = "DesktopContactsApp", "DesktopContactsApp\DesktopContactsApp.csproj", "{38A891AC-7936-4E19-B5C1-CC636080C4FA}"
EndProject
Global
	GlobalSection(SolutionConfigurationPlatforms) = preSolution
		Debug|Any CPU = Debug|Any CPU
		Release|Any CPU = Release|Any CPU
	EndGlobalSection
	GlobalSection(ProjectConfigurationPlatforms) = postSolution
		{38A891AC-7936-4E19-B5C1-CC636080C4FA}.Debug|Any CPU.ActiveCfg = Debug|Any CPU
		{38A891AC-7936-4E19-B5C1-CC636080C4FA}.Debug|Any CPU.Build.0 = Debug|Any CPU
		{38A891AC-7936-4E19-B5C1-CC636080C4FA}.Release|Any CPU.ActiveCfg = Release|Any CPU
		{38A891AC-7936-4E19-B5C1-CC636080C4FA}.Release|Any CPU.Build.0 = Release|Any CPU
	EndGlobalSection
	GlobalSection(SolutionProperties) = preSolution
		HideSolutionNode = FALSE
	EndGlobalSection
	GlobalSection(ExtensibilityGlobals) = postSolution
		SolutionGuid = {082A6E6F-6A23-4FD8-A3C6-C6D70AFA29A0}
	EndGlobalSection
EndGlobal
